// !$*UTF8*$!
{
	archiveVersion = 1;
	classes = {
	};
	objectVersion = 46;
	objects = {

/* Begin PBXBuildFile section */
		43198AFD1C9F898400ECFE58 /* main.m in Sources */ = {isa = PBXBuildFile; fileRef = 43198AFC1C9F898400ECFE58 /* main.m */; };
		43198B001C9F898400ECFE58 /* AppDelegate.m in Sources */ = {isa = PBXBuildFile; fileRef = 43198AFF1C9F898400ECFE58 /* AppDelegate.m */; };
		43198B031C9F898400ECFE58 /* ViewController.m in Sources */ = {isa = PBXBuildFile; fileRef = 43198B021C9F898400ECFE58 /* ViewController.m */; };
		43198B061C9F898400ECFE58 /* Main.storyboard in Resources */ = {isa = PBXBuildFile; fileRef = 43198B041C9F898400ECFE58 /* Main.storyboard */; };
		43198B091C9F898400ECFE58 /* Departures.xcdatamodeld in Sources */ = {isa = PBXBuildFile; fileRef = 43198B071C9F898400ECFE58 /* Departures.xcdatamodeld */; };
		43198B0B1C9F898400ECFE58 /* Assets.xcassets in Resources */ = {isa = PBXBuildFile; fileRef = 43198B0A1C9F898400ECFE58 /* Assets.xcassets */; };
		43198B0E1C9F898400ECFE58 /* LaunchScreen.storyboard in Resources */ = {isa = PBXBuildFile; fileRef = 43198B0C1C9F898400ECFE58 /* LaunchScreen.storyboard */; };
/* End PBXBuildFile section */

/* Begin PBXFileReference section */
		43198AF81C9F898400ECFE58 /* Departures.app */ = {isa = PBXFileReference; explicitFileType = wrapper.application; includeInIndex = 0; path = Departures.app; sourceTree = BUILT_PRODUCTS_DIR; };
		43198AFC1C9F898400ECFE58 /* main.m */ = {isa = PBXFileReference; lastKnownFileType = sourcecode.c.objc; path = main.m; sourceTree = "<group>"; };
		43198AFE1C9F898400ECFE58 /* AppDelegate.h */ = {isa = PBXFileReference; lastKnownFileType = sourcecode.c.h; path = AppDelegate.h; sourceTree = "<group>"; };
		43198AFF1C9F898400ECFE58 /* AppDelegate.m */ = {isa = PBXFileReference; lastKnownFileType = sourcecode.c.objc; path = AppDelegate.m; sourceTree = "<group>"; };
		43198B011C9F898400ECFE58 /* ViewController.h */ = {isa = PBXFileReference; lastKnownFileType = sourcecode.c.h; path = ViewController.h; sourceTree = "<group>"; };
		43198B021C9F898400ECFE58 /* ViewController.m */ = {isa = PBXFileReference; lastKnownFileType = sourcecode.c.objc; path = ViewController.m; sourceTree = "<group>"; };
		43198B051C9F898400ECFE58 /* Base */ = {isa = PBXFileReference; lastKnownFileType = file.storyboard; name = Base; path = Base.lproj/Main.storyboard; sourceTree = "<group>"; };
		43198B081C9F898400ECFE58 /* Departures.xcdatamodel */ = {isa = PBXFileReference; lastKnownFileType = wrapper.xcdatamodel; path = Departures.xcdatamodel; sourceTree = "<group>"; };
		43198B0A1C9F898400ECFE58 /* Assets.xcassets */ = {isa = PBXFileReference; lastKnownFileType = folder.assetcatalog; path = Assets.xcassets; sourceTree = "<group>"; };
		43198B0D1C9F898400ECFE58 /* Base */ = {isa = PBXFileReference; lastKnownFileType = file.storyboard; name = Base; path = Base.lproj/LaunchScreen.storyboard; sourceTree = "<group>"; };
		43198B0F1C9F898400ECFE58 /* Info.plist */ = {isa = PBXFileReference; lastKnownFileType = text.plist.xml; path = Info.plist; sourceTree = "<group>"; };
/* End PBXFileReference section */

/* Begin PBXFrameworksBuildPhase section */
		43198AF51C9F898400ECFE58 /* Frameworks */ = {
			isa = PBXFrameworksBuildPhase;
			buildActionMask = 2147483647;
			files = (
			);
			runOnlyForDeploymentPostprocessing = 0;
		};
/* End PBXFrameworksBuildPhase section */

/* Begin PBXGroup section */
		43198AEF1C9F898400ECFE58 = {
			isa = PBXGroup;
			children = (
				43198AFA1C9F898400ECFE58 /* Departures */,
				43198AF91C9F898400ECFE58 /* Products */,
			);
			sourceTree = "<group>";
		};
		43198AF91C9F898400ECFE58 /* Products */ = {
			isa = PBXGroup;
			children = (
				43198AF81C9F898400ECFE58 /* Departures.app */,
			);
			name = Products;
			sourceTree = "<group>";
		};
		43198AFA1C9F898400ECFE58 /* Departures */ = {
			isa = PBXGroup;
			children = (
				43198AFE1C9F898400ECFE58 /* AppDelegate.h */,
				43198AFF1C9F898400ECFE58 /* AppDelegate.m */,
				43198B011C9F898400ECFE58 /* ViewController.h */,
				43198B021C9F898400ECFE58 /* ViewController.m */,
				43198B041C9F898400ECFE58 /* Main.storyboard */,
				43198B0A1C9F898400ECFE58 /* Assets.xcassets */,
				43198B0C1C9F898400ECFE58 /* LaunchScreen.storyboard */,
				43198B0F1C9F898400ECFE58 /* Info.plist */,
				43198B071C9F898400ECFE58 /* Departures.xcdatamodeld */,
				43198AFB1C9F898400ECFE58 /* Supporting Files */,
			);
			path = Departures;
			sourceTree = "<group>";
		};
		43198AFB1C9F898400ECFE58 /* Supporting Files */ = {
			isa = PBXGroup;
			children = (
				43198AFC1C9F898400ECFE58 /* main.m */,
			);
			name = "Supporting Files";
			sourceTree = "<group>";
		};
/* End PBXGroup section */

/* Begin PBXNativeTarget section */
		43198AF71C9F898400ECFE58 /* Departures */ = {
			isa = PBXNativeTarget;
			buildConfigurationList = 43198B121C9F898400ECFE58 /* Build configuration list for PBXNativeTarget "Departures" */;
			buildPhases = (
				43198AF41C9F898400ECFE58 /* Sources */,
				43198AF51C9F898400ECFE58 /* Frameworks */,
				43198AF61C9F898400ECFE58 /* Resources */,
			);
			buildRules = (
			);
			dependencies = (
			);
			name = Departures;
			productName = Departures;
			productReference = 43198AF81C9F898400ECFE58 /* Departures.app */;
			productType = "com.apple.product-type.application";
		};
/* End PBXNativeTarget section */

/* Begin PBXProject section */
		43198AF01C9F898400ECFE58 /* Project object */ = {
			isa = PBXProject;
			attributes = {
				LastUpgradeCheck = 0720;
				ORGANIZATIONNAME = Departures;
				TargetAttributes = {
					43198AF71C9F898400ECFE58 = {
						CreatedOnToolsVersion = 7.2.1;
						DevelopmentTeam = BU9UEV6NV8;
					};
				};
			};
			buildConfigurationList = 43198AF31C9F898400ECFE58 /* Build configuration list for PBXProject "Departures" */;
			compatibilityVersion = "Xcode 3.2";
			developmentRegion = English;
			hasScannedForEncodings = 0;
			knownRegions = (
				en,
				Base,
			);
			mainGroup = 43198AEF1C9F898400ECFE58;
			productRefGroup = 43198AF91C9F898400ECFE58 /* Products */;
			projectDirPath = "";
			projectRoot = "";
			targets = (
				43198AF71C9F898400ECFE58 /* Departures */,
			);
		};
/* End PBXProject section */

/* Begin PBXResourcesBuildPhase section */
		43198AF61C9F898400ECFE58 /* Resources */ = {
			isa = PBXResourcesBuildPhase;
			buildActionMask = 2147483647;
			files = (
				43198B0E1C9F898400ECFE58 /* LaunchScreen.storyboard in Resources */,
				43198B0B1C9F898400ECFE58 /* Assets.xcassets in Resources */,
				43198B061C9F898400ECFE58 /* Main.storyboard in Resources */,
			);
			runOnlyForDeploymentPostprocessing = 0;
		};
/* End PBXResourcesBuildPhase section */

/* Begin PBXSourcesBuildPhase section */
		43198AF41C9F898400ECFE58 /* Sources */ = {
			isa = PBXSourcesBuildPhase;
			buildActionMask = 2147483647;
			files = (
				43198B031C9F898400ECFE58 /* ViewController.m in Sources */,
				43198B001C9F898400ECFE58 /* AppDelegate.m in Sources */,
				43198B091C9F898400ECFE58 /* Departures.xcdatamodeld in Sources */,
				43198AFD1C9F898400ECFE58 /* main.m in Sources */,
			);
			runOnlyForDeploymentPostprocessing = 0;
		};
/* End PBXSourcesBuildPhase section */

/* Begin PBXVariantGroup section */
		43198B041C9F898400ECFE58 /* Main.storyboard */ = {
			isa = PBXVariantGroup;
			children = (
				43198B051C9F898400ECFE58 /* Base */,
			);
			name = Main.storyboard;
			sourceTree = "<group>";
		};
		43198B0C1C9F898400ECFE58 /* LaunchScreen.storyboard */ = {
			isa = PBXVariantGroup;
			children = (
				43198B0D1C9F898400ECFE58 /* Base */,
			);
			name = LaunchScreen.storyboard;
			sourceTree = "<group>";
		};
/* End PBXVariantGroup section */

/* Begin XCBuildConfiguration section */
		43198B101C9F898400ECFE58 /* Debug */ = {
			isa = XCBuildConfiguration;
			buildSettings = {
				ALWAYS_SEARCH_USER_PATHS = NO;
				CLANG_CXX_LANGUAGE_STANDARD = "gnu++0x";
				CLANG_CXX_LIBRARY = "libc++";
				CLANG_ENABLE_MODULES = YES;
				CLANG_ENABLE_OBJC_ARC = YES;
				CLANG_WARN_BOOL_CONVERSION = YES;
				CLANG_WARN_CONSTANT_CONVERSION = YES;
				CLANG_WARN_DIRECT_OBJC_ISA_USAGE = YES_ERROR;
				CLANG_WARN_EMPTY_BODY = YES;
				CLANG_WARN_ENUM_CONVERSION = YES;
				CLANG_WARN_INT_CONVERSION = YES;
				CLANG_WARN_OBJC_ROOT_CLASS = YES_ERROR;
				CLANG_WARN_UNREACHABLE_CODE = YES;
				CLANG_WARN__DUPLICATE_METHOD_MATCH = YES;
				"CODE_SIGN_IDENTITY[sdk=iphoneos*]" = "iPhone Developer";
				COPY_PHASE_STRIP = NO;
				DEBUG_INFORMATION_FORMAT = dwarf;
				ENABLE_STRICT_OBJC_MSGSEND = YES;
				ENABLE_TESTABILITY = YES;
				GCC_C_LANGUAGE_STANDARD = gnu99;
				GCC_DYNAMIC_NO_PIC = NO;
				GCC_NO_COMMON_BLOCKS = YES;
				GCC_OPTIMIZATION_LEVEL = 0;
				GCC_PREPROCESSOR_DEFINITIONS = (
					"DEBUG=1",
					"$(inherited)",
				);
				GCC_WARN_64_TO_32_BIT_CONVERSION = YES;
				GCC_WARN_ABOUT_RETURN_TYPE = YES_ERROR;
				GCC_WARN_UNDECLARED_SELECTOR = YES;
				GCC_WARN_UNINITIALIZED_AUTOS = YES_AGGRESSIVE;
				GCC_WARN_UNUSED_FUNCTION = YES;
				GCC_WARN_UNUSED_VARIABLE = YES;
				IPHONEOS_DEPLOYMENT_TARGET = 9.2;
				MTL_ENABLE_DEBUG_INFO = YES;
				ONLY_ACTIVE_ARCH = YES;
				SDKROOT = iphoneos;
			};
			name = Debug;
		};
		43198B111C9F898400ECFE58 /* Release */ = {
			isa = XCBuildConfiguration;
			buildSettings = {
				ALWAYS_SEARCH_USER_PATHS = NO;
				CLANG_CXX_LANGUAGE_STANDARD = "gnu++0x";
				CLANG_CXX_LIBRARY = "libc++";
				CLANG_ENABLE_MODULES = YES;
				CLANG_ENABLE_OBJC_ARC = YES;
				CLANG_WARN_BOOL_CONVERSION = YES;
				CLANG_WARN_CONSTANT_CONVERSION = YES;
				CLANG_WARN_DIRECT_OBJC_ISA_USAGE = YES_ERROR;
				CLANG_WARN_EMPTY_BODY = YES;
				CLANG_WARN_ENUM_CONVERSION = YES;
				CLANG_WARN_INT_CONVERSION = YES;
				CLANG_WARN_OBJC_ROOT_CLASS = YES_ERROR;
				CLANG_WARN_UNREACHABLE_CODE = YES;
				CLANG_WARN__DUPLICATE_METHOD_MATCH = YES;
				"CODE_SIGN_IDENTITY[sdk=iphoneos*]" = "iPhone Developer";
				COPY_PHASE_STRIP = NO;
				DEBUG_INFORMATION_FORMAT = "dwarf-with-dsym";
				ENABLE_NS_ASSERTIONS = NO;
				ENABLE_STRICT_OBJC_MSGSEND = YES;
				GCC_C_LANGUAGE_STANDARD = gnu99;
				GCC_NO_COMMON_BLOCKS = YES;
				GCC_WARN_64_TO_32_BIT_CONVERSION = YES;
				GCC_WARN_ABOUT_RETURN_TYPE = YES_ERROR;
				GCC_WARN_UNDECLARED_SELECTOR = YES;
				GCC_WARN_UNINITIALIZED_AUTOS = YES_AGGRESSIVE;
				GCC_WARN_UNUSED_FUNCTION = YES;
				GCC_WARN_UNUSED_VARIABLE = YES;
				IPHONEOS_DEPLOYMENT_TARGET = 9.2;
				MTL_ENABLE_DEBUG_INFO = NO;
				SDKROOT = iphoneos;
				VALIDATE_PRODUCT = YES;
			};
			name = Release;
		};
		43198B131C9F898400ECFE58 /* Debug */ = {
			isa = XCBuildConfiguration;
			buildSettings = {
				ASSETCATALOG_COMPILER_APPICON_NAME = AppIcon;
				INFOPLIST_FILE = Departures/Info.plist;
				LD_RUNPATH_SEARCH_PATHS = "$(inherited) @executable_path/Frameworks";
				PRODUCT_BUNDLE_IDENTIFIER = CSU.Departures;
				PRODUCT_NAME = "$(TARGET_NAME)";
			};
			name = Debug;
		};
		43198B141C9F898400ECFE58 /* Release */ = {
			isa = XCBuildConfiguration;
			buildSettings = {
				ASSETCATALOG_COMPILER_APPICON_NAME = AppIcon;
				INFOPLIST_FILE = Departures/Info.plist;
				LD_RUNPATH_SEARCH_PATHS = "$(inherited) @executable_path/Frameworks";
				PRODUCT_BUNDLE_IDENTIFIER = CSU.Departures;
				PRODUCT_NAME = "$(TARGET_NAME)";
			};
			name = Release;
		};
/* End XCBuildConfiguration section */

/* Begin XCConfigurationList section */
		43198AF31C9F898400ECFE58 /* Build configuration list for PBXProject "Departures" */ = {
			isa = XCConfigurationList;
			buildConfigurations = (
				43198B101C9F898400ECFE58 /* Debug */,
				43198B111C9F898400ECFE58 /* Release */,
			);
			defaultConfigurationIsVisible = 0;
			defaultConfigurationName = Release;
		};
		43198B121C9F898400ECFE58 /* Build configuration list for PBXNativeTarget "Departures" */ = {
			isa = XCConfigurationList;
			buildConfigurations = (
				43198B131C9F898400ECFE58 /* Debug */,
				43198B141C9F898400ECFE58 /* Release */,
			);
			defaultConfigurationIsVisible = 0;
		};
/* End XCConfigurationList section */

/* Begin XCVersionGroup section */
		43198B071C9F898400ECFE58 /* Departures.xcdatamodeld */ = {
			isa = XCVersionGroup;
			children = (
				43198B081C9F898400ECFE58 /* Departures.xcdatamodel */,
			);
			currentVersion = 43198B081C9F898400ECFE58 /* Departures.xcdatamodel */;
			path = Departures.xcdatamodeld;
			sourceTree = "<group>";
			versionGroupType = wrapper.xcdatamodel;
		};
/* End XCVersionGroup section */
	};
	rootObject = 43198AF01C9F898400ECFE58 /* Project object */;
}
